// !$*UTF8*$!
{
	archiveVersion = 1;
	classes = {
	};
	objectVersion = 55;
	objects = {

/* Begin PBXBuildFile section */
		4153476C28309E9B00FCCB2E /* ComposableArchitectureApp.swift in Sources */ = {isa = PBXBuildFile; fileRef = 4153476B28309E9B00FCCB2E /* ComposableArchitectureApp.swift */; };
		4153476E28309E9B00FCCB2E /* ContentView.swift in Sources */ = {isa = PBXBuildFile; fileRef = 4153476D28309E9B00FCCB2E /* ContentView.swift */; };
		4153477028309E9D00FCCB2E /* Assets.xcassets in Resources */ = {isa = PBXBuildFile; fileRef = 4153476F28309E9D00FCCB2E /* Assets.xcassets */; };
		4153477328309E9D00FCCB2E /* Preview Assets.xcassets in Resources */ = {isa = PBXBuildFile; fileRef = 4153477228309E9D00FCCB2E /* Preview Assets.xcassets */; };
		4153477D28309E9D00FCCB2E /* ComposableArchitectureTests.swift in Sources */ = {isa = PBXBuildFile; fileRef = 4153477C28309E9D00FCCB2E /* ComposableArchitectureTests.swift */; };
		4153478728309E9D00FCCB2E /* ComposableArchitectureUITests.swift in Sources */ = {isa = PBXBuildFile; fileRef = 4153478628309E9D00FCCB2E /* ComposableArchitectureUITests.swift */; };
		4153478928309E9D00FCCB2E /* ComposableArchitectureUITestsLaunchTests.swift in Sources */ = {isa = PBXBuildFile; fileRef = 4153478828309E9D00FCCB2E /* ComposableArchitectureUITestsLaunchTests.swift */; };
/* End PBXBuildFile section */

/* Begin PBXContainerItemProxy section */
		4153477928309E9D00FCCB2E /* PBXContainerItemProxy */ = {
			isa = PBXContainerItemProxy;
			containerPortal = 4153476028309E9B00FCCB2E /* Project object */;
			proxyType = 1;
			remoteGlobalIDString = 4153476728309E9B00FCCB2E;
			remoteInfo = ComposableArchitecture;
		};
		4153478328309E9D00FCCB2E /* PBXContainerItemProxy */ = {
			isa = PBXContainerItemProxy;
			containerPortal = 4153476028309E9B00FCCB2E /* Project object */;
			proxyType = 1;
			remoteGlobalIDString = 4153476728309E9B00FCCB2E;
			remoteInfo = ComposableArchitecture;
		};
/* End PBXContainerItemProxy section */

/* Begin PBXFileReference section */
		4153476828309E9B00FCCB2E /* ComposableArchitecture.app */ = {isa = PBXFileReference; explicitFileType = wrapper.application; includeInIndex = 0; path = ComposableArchitecture.app; sourceTree = BUILT_PRODUCTS_DIR; };
		4153476B28309E9B00FCCB2E /* ComposableArchitectureApp.swift */ = {isa = PBXFileReference; lastKnownFileType = sourcecode.swift; path = ComposableArchitectureApp.swift; sourceTree = "<group>"; };
		4153476D28309E9B00FCCB2E /* ContentView.swift */ = {isa = PBXFileReference; lastKnownFileType = sourcecode.swift; path = ContentView.swift; sourceTree = "<group>"; };
		4153476F28309E9D00FCCB2E /* Assets.xcassets */ = {isa = PBXFileReference; lastKnownFileType = folder.assetcatalog; path = Assets.xcassets; sourceTree = "<group>"; };
		4153477228309E9D00FCCB2E /* Preview Assets.xcassets */ = {isa = PBXFileReference; lastKnownFileType = folder.assetcatalog; path = "Preview Assets.xcassets"; sourceTree = "<group>"; };
		4153477828309E9D00FCCB2E /* ComposableArchitectureTests.xctest */ = {isa = PBXFileReference; explicitFileType = wrapper.cfbundle; includeInIndex = 0; path = ComposableArchitectureTests.xctest; sourceTree = BUILT_PRODUCTS_DIR; };
		4153477C28309E9D00FCCB2E /* ComposableArchitectureTests.swift */ = {isa = PBXFileReference; lastKnownFileType = sourcecode.swift; path = ComposableArchitectureTests.swift; sourceTree = "<group>"; };
		4153478228309E9D00FCCB2E /* ComposableArchitectureUITests.xctest */ = {isa = PBXFileReference; explicitFileType = wrapper.cfbundle; includeInIndex = 0; path = ComposableArchitectureUITests.xctest; sourceTree = BUILT_PRODUCTS_DIR; };
		4153478628309E9D00FCCB2E /* ComposableArchitectureUITests.swift */ = {isa = PBXFileReference; lastKnownFileType = sourcecode.swift; path = ComposableArchitectureUITests.swift; sourceTree = "<group>"; };
		4153478828309E9D00FCCB2E /* ComposableArchitectureUITestsLaunchTests.swift */ = {isa = PBXFileReference; lastKnownFileType = sourcecode.swift; path = ComposableArchitectureUITestsLaunchTests.swift; sourceTree = "<group>"; };
/* End PBXFileReference section */

/* Begin PBXFrameworksBuildPhase section */
		4153476528309E9B00FCCB2E /* Frameworks */ = {
			isa = PBXFrameworksBuildPhase;
			buildActionMask = 2147483647;
			files = (
			);
			runOnlyForDeploymentPostprocessing = 0;
		};
		4153477528309E9D00FCCB2E /* Frameworks */ = {
			isa = PBXFrameworksBuildPhase;
			buildActionMask = 2147483647;
			files = (
			);
			runOnlyForDeploymentPostprocessing = 0;
		};
		4153477F28309E9D00FCCB2E /* Frameworks */ = {
			isa = PBXFrameworksBuildPhase;
			buildActionMask = 2147483647;
			files = (
			);
			runOnlyForDeploymentPostprocessing = 0;
		};
/* End PBXFrameworksBuildPhase section */

/* Begin PBXGroup section */
		4153475F28309E9B00FCCB2E = {
			isa = PBXGroup;
			children = (
				4153476A28309E9B00FCCB2E /* ComposableArchitecture */,
				4153477B28309E9D00FCCB2E /* ComposableArchitectureTests */,
				4153478528309E9D00FCCB2E /* ComposableArchitectureUITests */,
				4153476928309E9B00FCCB2E /* Products */,
			);
			sourceTree = "<group>";
		};
		4153476928309E9B00FCCB2E /* Products */ = {
			isa = PBXGroup;
			children = (
				4153476828309E9B00FCCB2E /* ComposableArchitecture.app */,
				4153477828309E9D00FCCB2E /* ComposableArchitectureTests.xctest */,
				4153478228309E9D00FCCB2E /* ComposableArchitectureUITests.xctest */,
			);
			name = Products;
			sourceTree = "<group>";
		};
		4153476A28309E9B00FCCB2E /* ComposableArchitecture */ = {
			isa = PBXGroup;
			children = (
				4153476B28309E9B00FCCB2E /* ComposableArchitectureApp.swift */,
				4153476D28309E9B00FCCB2E /* ContentView.swift */,
				4153476F28309E9D00FCCB2E /* Assets.xcassets */,
				4153477128309E9D00FCCB2E /* Preview Content */,
			);
			path = ComposableArchitecture;
			sourceTree = "<group>";
		};
		4153477128309E9D00FCCB2E /* Preview Content */ = {
			isa = PBXGroup;
			children = (
				4153477228309E9D00FCCB2E /* Preview Assets.xcassets */,
			);
			path = "Preview Content";
			sourceTree = "<group>";
		};
		4153477B28309E9D00FCCB2E /* ComposableArchitectureTests */ = {
			isa = PBXGroup;
			children = (
				4153477C28309E9D00FCCB2E /* ComposableArchitectureTests.swift */,
			);
			path = ComposableArchitectureTests;
			sourceTree = "<group>";
		};
		4153478528309E9D00FCCB2E /* ComposableArchitectureUITests */ = {
			isa = PBXGroup;
			children = (
				4153478628309E9D00FCCB2E /* ComposableArchitectureUITests.swift */,
				4153478828309E9D00FCCB2E /* ComposableArchitectureUITestsLaunchTests.swift */,
			);
			path = ComposableArchitectureUITests;
			sourceTree = "<group>";
		};
/* End PBXGroup section */

/* Begin PBXNativeTarget section */
		4153476728309E9B00FCCB2E /* ComposableArchitecture */ = {
			isa = PBXNativeTarget;
			buildConfigurationList = 4153478C28309E9D00FCCB2E /* Build configuration list for PBXNativeTarget "ComposableArchitecture" */;
			buildPhases = (
				4153476428309E9B00FCCB2E /* Sources */,
				4153476528309E9B00FCCB2E /* Frameworks */,
				4153476628309E9B00FCCB2E /* Resources */,
			);
			buildRules = (
			);
			dependencies = (
			);
			name = ComposableArchitecture;
			productName = ComposableArchitecture;
			productReference = 4153476828309E9B00FCCB2E /* ComposableArchitecture.app */;
			productType = "com.apple.product-type.application";
		};
		4153477728309E9D00FCCB2E /* ComposableArchitectureTests */ = {
			isa = PBXNativeTarget;
			buildConfigurationList = 4153478F28309E9D00FCCB2E /* Build configuration list for PBXNativeTarget "ComposableArchitectureTests" */;
			buildPhases = (
				4153477428309E9D00FCCB2E /* Sources */,
				4153477528309E9D00FCCB2E /* Frameworks */,
				4153477628309E9D00FCCB2E /* Resources */,
			);
			buildRules = (
			);
			dependencies = (
				4153477A28309E9D00FCCB2E /* PBXTargetDependency */,
			);
			name = ComposableArchitectureTests;
			productName = ComposableArchitectureTests;
			productReference = 4153477828309E9D00FCCB2E /* ComposableArchitectureTests.xctest */;
			productType = "com.apple.product-type.bundle.unit-test";
		};
		4153478128309E9D00FCCB2E /* ComposableArchitectureUITests */ = {
			isa = PBXNativeTarget;
			buildConfigurationList = 4153479228309E9D00FCCB2E /* Build configuration list for PBXNativeTarget "ComposableArchitectureUITests" */;
			buildPhases = (
				4153477E28309E9D00FCCB2E /* Sources */,
				4153477F28309E9D00FCCB2E /* Frameworks */,
				4153478028309E9D00FCCB2E /* Resources */,
			);
			buildRules = (
			);
			dependencies = (
				4153478428309E9D00FCCB2E /* PBXTargetDependency */,
			);
			name = ComposableArchitectureUITests;
			productName = ComposableArchitectureUITests;
			productReference = 4153478228309E9D00FCCB2E /* ComposableArchitectureUITests.xctest */;
			productType = "com.apple.product-type.bundle.ui-testing";
		};
/* End PBXNativeTarget section */

/* Begin PBXProject section */
		4153476028309E9B00FCCB2E /* Project object */ = {
			isa = PBXProject;
			attributes = {
				BuildIndependentTargetsInParallel = 1;
				LastSwiftUpdateCheck = 1330;
				LastUpgradeCheck = 1330;
				TargetAttributes = {
					4153476728309E9B00FCCB2E = {
						CreatedOnToolsVersion = 13.3.1;
					};
					4153477728309E9D00FCCB2E = {
						CreatedOnToolsVersion = 13.3.1;
						TestTargetID = 4153476728309E9B00FCCB2E;
					};
					4153478128309E9D00FCCB2E = {
						CreatedOnToolsVersion = 13.3.1;
						TestTargetID = 4153476728309E9B00FCCB2E;
					};
				};
			};
			buildConfigurationList = 4153476328309E9B00FCCB2E /* Build configuration list for PBXProject "ComposableArchitecture" */;
			compatibilityVersion = "Xcode 13.0";
			developmentRegion = en;
			hasScannedForEncodings = 0;
			knownRegions = (
				en,
				Base,
			);
			mainGroup = 4153475F28309E9B00FCCB2E;
			productRefGroup = 4153476928309E9B00FCCB2E /* Products */;
			projectDirPath = "";
			projectRoot = "";
			targets = (
				4153476728309E9B00FCCB2E /* ComposableArchitecture */,
				4153477728309E9D00FCCB2E /* ComposableArchitectureTests */,
				4153478128309E9D00FCCB2E /* ComposableArchitectureUITests */,
			);
		};
/* End PBXProject section */

/* Begin PBXResourcesBuildPhase section */
		4153476628309E9B00FCCB2E /* Resources */ = {
			isa = PBXResourcesBuildPhase;
			buildActionMask = 2147483647;
			files = (
				4153477328309E9D00FCCB2E /* Preview Assets.xcassets in Resources */,
				4153477028309E9D00FCCB2E /* Assets.xcassets in Resources */,
			);
			runOnlyForDeploymentPostprocessing = 0;
		};
		4153477628309E9D00FCCB2E /* Resources */ = {
			isa = PBXResourcesBuildPhase;
			buildActionMask = 2147483647;
			files = (
			);
			runOnlyForDeploymentPostprocessing = 0;
		};
		4153478028309E9D00FCCB2E /* Resources */ = {
			isa = PBXResourcesBuildPhase;
			buildActionMask = 2147483647;
			files = (
			);
			runOnlyForDeploymentPostprocessing = 0;
		};
/* End PBXResourcesBuildPhase section */

/* Begin PBXSourcesBuildPhase section */
		4153476428309E9B00FCCB2E /* Sources */ = {
			isa = PBXSourcesBuildPhase;
			buildActionMask = 2147483647;
			files = (
				4153476E28309E9B00FCCB2E /* ContentView.swift in Sources */,
				4153476C28309E9B00FCCB2E /* ComposableArchitectureApp.swift in Sources */,
			);
			runOnlyForDeploymentPostprocessing = 0;
		};
		4153477428309E9D00FCCB2E /* Sources */ = {
			isa = PBXSourcesBuildPhase;
			buildActionMask = 2147483647;
			files = (
				4153477D28309E9D00FCCB2E /* ComposableArchitectureTests.swift in Sources */,
			);
			runOnlyForDeploymentPostprocessing = 0;
		};
		4153477E28309E9D00FCCB2E /* Sources */ = {
			isa = PBXSourcesBuildPhase;
			buildActionMask = 2147483647;
			files = (
				4153478928309E9D00FCCB2E /* ComposableArchitectureUITestsLaunchTests.swift in Sources */,
				4153478728309E9D00FCCB2E /* ComposableArchitectureUITests.swift in Sources */,
			);
			runOnlyForDeploymentPostprocessing = 0;
		};
/* End PBXSourcesBuildPhase section */

/* Begin PBXTargetDependency section */
		4153477A28309E9D00FCCB2E /* PBXTargetDependency */ = {
			isa = PBXTargetDependency;
			target = 4153476728309E9B00FCCB2E /* ComposableArchitecture */;
			targetProxy = 4153477928309E9D00FCCB2E /* PBXContainerItemProxy */;
		};
		4153478428309E9D00FCCB2E /* PBXTargetDependency */ = {
			isa = PBXTargetDependency;
			target = 4153476728309E9B00FCCB2E /* ComposableArchitecture */;
			targetProxy = 4153478328309E9D00FCCB2E /* PBXContainerItemProxy */;
		};
/* End PBXTargetDependency section */

/* Begin XCBuildConfiguration section */
		4153478A28309E9D00FCCB2E /* Debug */ = {
			isa = XCBuildConfiguration;
			buildSettings = {
				ALWAYS_SEARCH_USER_PATHS = NO;
				CLANG_ANALYZER_NONNULL = YES;
				CLANG_ANALYZER_NUMBER_OBJECT_CONVERSION = YES_AGGRESSIVE;
				CLANG_CXX_LANGUAGE_STANDARD = "gnu++17";
				CLANG_ENABLE_MODULES = YES;
				CLANG_ENABLE_OBJC_ARC = YES;
				CLANG_ENABLE_OBJC_WEAK = YES;
				CLANG_WARN_BLOCK_CAPTURE_AUTORELEASING = YES;
				CLANG_WARN_BOOL_CONVERSION = YES;
				CLANG_WARN_COMMA = YES;
				CLANG_WARN_CONSTANT_CONVERSION = YES;
				CLANG_WARN_DEPRECATED_OBJC_IMPLEMENTATIONS = YES;
				CLANG_WARN_DIRECT_OBJC_ISA_USAGE = YES_ERROR;
				CLANG_WARN_DOCUMENTATION_COMMENTS = YES;
				CLANG_WARN_EMPTY_BODY = YES;
				CLANG_WARN_ENUM_CONVERSION = YES;
				CLANG_WARN_INFINITE_RECURSION = YES;
				CLANG_WARN_INT_CONVERSION = YES;
				CLANG_WARN_NON_LITERAL_NULL_CONVERSION = YES;
				CLANG_WARN_OBJC_IMPLICIT_RETAIN_SELF = YES;
				CLANG_WARN_OBJC_LITERAL_CONVERSION = YES;
				CLANG_WARN_OBJC_ROOT_CLASS = YES_ERROR;
				CLANG_WARN_QUOTED_INCLUDE_IN_FRAMEWORK_HEADER = YES;
				CLANG_WARN_RANGE_LOOP_ANALYSIS = YES;
				CLANG_WARN_STRICT_PROTOTYPES = YES;
				CLANG_WARN_SUSPICIOUS_MOVE = YES;
				CLANG_WARN_UNGUARDED_AVAILABILITY = YES_AGGRESSIVE;
				CLANG_WARN_UNREACHABLE_CODE = YES;
				CLANG_WARN__DUPLICATE_METHOD_MATCH = YES;
				COPY_PHASE_STRIP = NO;
				DEBUG_INFORMATION_FORMAT = dwarf;
				ENABLE_STRICT_OBJC_MSGSEND = YES;
				ENABLE_TESTABILITY = YES;
				GCC_C_LANGUAGE_STANDARD = gnu11;
				GCC_DYNAMIC_NO_PIC = NO;
				GCC_NO_COMMON_BLOCKS = YES;
				GCC_OPTIMIZATION_LEVEL = 0;
				GCC_PREPROCESSOR_DEFINITIONS = (
					"DEBUG=1",
					"$(inherited)",
				);
				GCC_WARN_64_TO_32_BIT_CONVERSION = YES;
				GCC_WARN_ABOUT_RETURN_TYPE = YES_ERROR;
				GCC_WARN_UNDECLARED_SELECTOR = YES;
				GCC_WARN_UNINITIALIZED_AUTOS = YES_AGGRESSIVE;
				GCC_WARN_UNUSED_FUNCTION = YES;
				GCC_WARN_UNUSED_VARIABLE = YES;
				IPHONEOS_DEPLOYMENT_TARGET = 15.4;
				MTL_ENABLE_DEBUG_INFO = INCLUDE_SOURCE;
				MTL_FAST_MATH = YES;
				ONLY_ACTIVE_ARCH = YES;
				SDKROOT = iphoneos;
				SWIFT_ACTIVE_COMPILATION_CONDITIONS = DEBUG;
				SWIFT_OPTIMIZATION_LEVEL = "-Onone";
			};
			name = Debug;
		};
		4153478B28309E9D00FCCB2E /* Release */ = {
			isa = XCBuildConfiguration;
			buildSettings = {
				ALWAYS_SEARCH_USER_PATHS = NO;
				CLANG_ANALYZER_NONNULL = YES;
				CLANG_ANALYZER_NUMBER_OBJECT_CONVERSION = YES_AGGRESSIVE;
				CLANG_CXX_LANGUAGE_STANDARD = "gnu++17";
				CLANG_ENABLE_MODULES = YES;
				CLANG_ENABLE_OBJC_ARC = YES;
				CLANG_ENABLE_OBJC_WEAK = YES;
				CLANG_WARN_BLOCK_CAPTURE_AUTORELEASING = YES;
				CLANG_WARN_BOOL_CONVERSION = YES;
				CLANG_WARN_COMMA = YES;
				CLANG_WARN_CONSTANT_CONVERSION = YES;
				CLANG_WARN_DEPRECATED_OBJC_IMPLEMENTATIONS = YES;
				CLANG_WARN_DIRECT_OBJC_ISA_USAGE = YES_ERROR;
				CLANG_WARN_DOCUMENTATION_COMMENTS = YES;
				CLANG_WARN_EMPTY_BODY = YES;
				CLANG_WARN_ENUM_CONVERSION = YES;
				CLANG_WARN_INFINITE_RECURSION = YES;
				CLANG_WARN_INT_CONVERSION = YES;
				CLANG_WARN_NON_LITERAL_NULL_CONVERSION = YES;
				CLANG_WARN_OBJC_IMPLICIT_RETAIN_SELF = YES;
				CLANG_WARN_OBJC_LITERAL_CONVERSION = YES;
				CLANG_WARN_OBJC_ROOT_CLASS = YES_ERROR;
				CLANG_WARN_QUOTED_INCLUDE_IN_FRAMEWORK_HEADER = YES;
				CLANG_WARN_RANGE_LOOP_ANALYSIS = YES;
				CLANG_WARN_STRICT_PROTOTYPES = YES;
				CLANG_WARN_SUSPICIOUS_MOVE = YES;
				CLANG_WARN_UNGUARDED_AVAILABILITY = YES_AGGRESSIVE;
				CLANG_WARN_UNREACHABLE_CODE = YES;
				CLANG_WARN__DUPLICATE_METHOD_MATCH = YES;
				COPY_PHASE_STRIP = NO;
				DEBUG_INFORMATION_FORMAT = "dwarf-with-dsym";
				ENABLE_NS_ASSERTIONS = NO;
				ENABLE_STRICT_OBJC_MSGSEND = YES;
				GCC_C_LANGUAGE_STANDARD = gnu11;
				GCC_NO_COMMON_BLOCKS = YES;
				GCC_WARN_64_TO_32_BIT_CONVERSION = YES;
				GCC_WARN_ABOUT_RETURN_TYPE = YES_ERROR;
				GCC_WARN_UNDECLARED_SELECTOR = YES;
				GCC_WARN_UNINITIALIZED_AUTOS = YES_AGGRESSIVE;
				GCC_WARN_UNUSED_FUNCTION = YES;
				GCC_WARN_UNUSED_VARIABLE = YES;
				IPHONEOS_DEPLOYMENT_TARGET = 15.4;
				MTL_ENABLE_DEBUG_INFO = NO;
				MTL_FAST_MATH = YES;
				SDKROOT = iphoneos;
				SWIFT_COMPILATION_MODE = wholemodule;
				SWIFT_OPTIMIZATION_LEVEL = "-O";
				VALIDATE_PRODUCT = YES;
			};
			name = Release;
		};
		4153478D28309E9D00FCCB2E /* Debug */ = {
			isa = XCBuildConfiguration;
			buildSettings = {
				ASSETCATALOG_COMPILER_APPICON_NAME = AppIcon;
				ASSETCATALOG_COMPILER_GLOBAL_ACCENT_COLOR_NAME = AccentColor;
				CODE_SIGN_STYLE = Automatic;
				CURRENT_PROJECT_VERSION = 1;
				DEVELOPMENT_ASSET_PATHS = "\"ComposableArchitecture/Preview Content\"";
				ENABLE_PREVIEWS = YES;
				GENERATE_INFOPLIST_FILE = YES;
				INFOPLIST_KEY_UIApplicationSceneManifest_Generation = YES;
				INFOPLIST_KEY_UIApplicationSupportsIndirectInputEvents = YES;
				INFOPLIST_KEY_UILaunchScreen_Generation = YES;
				INFOPLIST_KEY_UISupportedInterfaceOrientations_iPad = "UIInterfaceOrientationPortrait UIInterfaceOrientationPortraitUpsideDown UIInterfaceOrientationLandscapeLeft UIInterfaceOrientationLandscapeRight";
				INFOPLIST_KEY_UISupportedInterfaceOrientations_iPhone = "UIInterfaceOrientationPortrait UIInterfaceOrientationLandscapeLeft UIInterfaceOrientationLandscapeRight";
				LD_RUNPATH_SEARCH_PATHS = (
					"$(inherited)",
					"@executable_path/Frameworks",
				);
				MARKETING_VERSION = 1.0;
				PRODUCT_BUNDLE_IDENTIFIER = com.PRACTICE.ComposableArchitecture;
				PRODUCT_NAME = "$(TARGET_NAME)";
				SWIFT_EMIT_LOC_STRINGS = YES;
				SWIFT_VERSION = 5.0;
				TARGETED_DEVICE_FAMILY = "1,2";
			};
			name = Debug;
		};
		4153478E28309E9D00FCCB2E /* Release */ = {
			isa = XCBuildConfiguration;
			buildSettings = {
				ASSETCATALOG_COMPILER_APPICON_NAME = AppIcon;
				ASSETCATALOG_COMPILER_GLOBAL_ACCENT_COLOR_NAME = AccentColor;
				CODE_SIGN_STYLE = Automatic;
				CURRENT_PROJECT_VERSION = 1;
				DEVELOPMENT_ASSET_PATHS = "\"ComposableArchitecture/Preview Content\"";
				ENABLE_PREVIEWS = YES;
				GENERATE_INFOPLIST_FILE = YES;
				INFOPLIST_KEY_UIApplicationSceneManifest_Generation = YES;
				INFOPLIST_KEY_UIApplicationSupportsIndirectInputEvents = YES;
				INFOPLIST_KEY_UILaunchScreen_Generation = YES;
				INFOPLIST_KEY_UISupportedInterfaceOrientations_iPad = "UIInterfaceOrientationPortrait UIInterfaceOrientationPortraitUpsideDown UIInterfaceOrientationLandscapeLeft UIInterfaceOrientationLandscapeRight";
				INFOPLIST_KEY_UISupportedInterfaceOrientations_iPhone = "UIInterfaceOrientationPortrait UIInterfaceOrientationLandscapeLeft UIInterfaceOrientationLandscapeRight";
				LD_RUNPATH_SEARCH_PATHS = (
					"$(inherited)",
					"@executable_path/Frameworks",
				);
				MARKETING_VERSION = 1.0;
				PRODUCT_BUNDLE_IDENTIFIER = com.PRACTICE.ComposableArchitecture;
				PRODUCT_NAME = "$(TARGET_NAME)";
				SWIFT_EMIT_LOC_STRINGS = YES;
				SWIFT_VERSION = 5.0;
				TARGETED_DEVICE_FAMILY = "1,2";
			};
			name = Release;
		};
		4153479028309E9D00FCCB2E /* Debug */ = {
			isa = XCBuildConfiguration;
			buildSettings = {
				ALWAYS_EMBED_SWIFT_STANDARD_LIBRARIES = YES;
				BUNDLE_LOADER = "$(TEST_HOST)";
				CODE_SIGN_STYLE = Automatic;
				CURRENT_PROJECT_VERSION = 1;
				GENERATE_INFOPLIST_FILE = YES;
				IPHONEOS_DEPLOYMENT_TARGET = 15.4;
				MARKETING_VERSION = 1.0;
				PRODUCT_BUNDLE_IDENTIFIER = com.PRACTICE.ComposableArchitectureTests;
				PRODUCT_NAME = "$(TARGET_NAME)";
				SWIFT_EMIT_LOC_STRINGS = NO;
				SWIFT_VERSION = 5.0;
				TARGETED_DEVICE_FAMILY = "1,2";
				TEST_HOST = "$(BUILT_PRODUCTS_DIR)/ComposableArchitecture.app/ComposableArchitecture";
			};
			name = Debug;
		};
		4153479128309E9D00FCCB2E /* Release */ = {
			isa = XCBuildConfiguration;
			buildSettings = {
				ALWAYS_EMBED_SWIFT_STANDARD_LIBRARIES = YES;
				BUNDLE_LOADER = "$(TEST_HOST)";
				CODE_SIGN_STYLE = Automatic;
				CURRENT_PROJECT_VERSION = 1;
				GENERATE_INFOPLIST_FILE = YES;
				IPHONEOS_DEPLOYMENT_TARGET = 15.4;
				MARKETING_VERSION = 1.0;
				PRODUCT_BUNDLE_IDENTIFIER = com.PRACTICE.ComposableArchitectureTests;
				PRODUCT_NAME = "$(TARGET_NAME)";
				SWIFT_EMIT_LOC_STRINGS = NO;
				SWIFT_VERSION = 5.0;
				TARGETED_DEVICE_FAMILY = "1,2";
				TEST_HOST = "$(BUILT_PRODUCTS_DIR)/ComposableArchitecture.app/ComposableArchitecture";
			};
			name = Release;
		};
		4153479328309E9D00FCCB2E /* Debug */ = {
			isa = XCBuildConfiguration;
			buildSettings = {
				ALWAYS_EMBED_SWIFT_STANDARD_LIBRARIES = YES;
				CODE_SIGN_STYLE = Automatic;
				CURRENT_PROJECT_VERSION = 1;
				GENERATE_INFOPLIST_FILE = YES;
				MARKETING_VERSION = 1.0;
				PRODUCT_BUNDLE_IDENTIFIER = com.PRACTICE.ComposableArchitectureUITests;
				PRODUCT_NAME = "$(TARGET_NAME)";
				SWIFT_EMIT_LOC_STRINGS = NO;
				SWIFT_VERSION = 5.0;
				TARGETED_DEVICE_FAMILY = "1,2";
				TEST_TARGET_NAME = ComposableArchitecture;
			};
			name = Debug;
		};
		4153479428309E9D00FCCB2E /* Release */ = {
			isa = XCBuildConfiguration;
			buildSettings = {
				ALWAYS_EMBED_SWIFT_STANDARD_LIBRARIES = YES;
				CODE_SIGN_STYLE = Automatic;
				CURRENT_PROJECT_VERSION = 1;
				GENERATE_INFOPLIST_FILE = YES;
				MARKETING_VERSION = 1.0;
				PRODUCT_BUNDLE_IDENTIFIER = com.PRACTICE.ComposableArchitectureUITests;
				PRODUCT_NAME = "$(TARGET_NAME)";
				SWIFT_EMIT_LOC_STRINGS = NO;
				SWIFT_VERSION = 5.0;
				TARGETED_DEVICE_FAMILY = "1,2";
				TEST_TARGET_NAME = ComposableArchitecture;
			};
			name = Release;
		};
/* End XCBuildConfiguration section */

/* Begin XCConfigurationList section */
		4153476328309E9B00FCCB2E /* Build configuration list for PBXProject "ComposableArchitecture" */ = {
			isa = XCConfigurationList;
			buildConfigurations = (
				4153478A28309E9D00FCCB2E /* Debug */,
				4153478B28309E9D00FCCB2E /* Release */,
			);
			defaultConfigurationIsVisible = 0;
			defaultConfigurationName = Release;
		};
		4153478C28309E9D00FCCB2E /* Build configuration list for PBXNativeTarget "ComposableArchitecture" */ = {
			isa = XCConfigurationList;
			buildConfigurations = (
				4153478D28309E9D00FCCB2E /* Debug */,
				4153478E28309E9D00FCCB2E /* Release */,
			);
			defaultConfigurationIsVisible = 0;
			defaultConfigurationName = Release;
		};
		4153478F28309E9D00FCCB2E /* Build configuration list for PBXNativeTarget "ComposableArchitectureTests" */ = {
			isa = XCConfigurationList;
			buildConfigurations = (
				4153479028309E9D00FCCB2E /* Debug */,
				4153479128309E9D00FCCB2E /* Release */,
			);
			defaultConfigurationIsVisible = 0;
			defaultConfigurationName = Release;
		};
		4153479228309E9D00FCCB2E /* Build configuration list for PBXNativeTarget "ComposableArchitectureUITests" */ = {
			isa = XCConfigurationList;
			buildConfigurations = (
				4153479328309E9D00FCCB2E /* Debug */,
				4153479428309E9D00FCCB2E /* Release */,
			);
			defaultConfigurationIsVisible = 0;
			defaultConfigurationName = Release;
		};
/* End XCConfigurationList section */
	};
	rootObject = 4153476028309E9B00FCCB2E /* Project object */;
}
